// !$*UTF8*$!
{
	archiveVersion = 1;
	classes = {
	};
	objectVersion = 50;
	objects = {

/* Begin PBXBuildFile section */
		9303B8D923AF6BE00050A4B5 /* CDPokemon+CoreDataClass.swift in Sources */ = {isa = PBXBuildFile; fileRef = 9303B8CD23AF6BE00050A4B5 /* CDPokemon+CoreDataClass.swift */; };
		9303B8DA23AF6BE00050A4B5 /* CDPokemon+CoreDataProperties.swift in Sources */ = {isa = PBXBuildFile; fileRef = 9303B8CE23AF6BE00050A4B5 /* CDPokemon+CoreDataProperties.swift */; };
		9303B8DB23AF6BE00050A4B5 /* CDMove+CoreDataClass.swift in Sources */ = {isa = PBXBuildFile; fileRef = 9303B8CF23AF6BE00050A4B5 /* CDMove+CoreDataClass.swift */; };
		9303B8DC23AF6BE00050A4B5 /* CDMove+CoreDataProperties.swift in Sources */ = {isa = PBXBuildFile; fileRef = 9303B8D023AF6BE00050A4B5 /* CDMove+CoreDataProperties.swift */; };
		9303B8DD23AF6BE00050A4B5 /* CDStat+CoreDataClass.swift in Sources */ = {isa = PBXBuildFile; fileRef = 9303B8D123AF6BE00050A4B5 /* CDStat+CoreDataClass.swift */; };
		9303B8DE23AF6BE00050A4B5 /* CDStat+CoreDataProperties.swift in Sources */ = {isa = PBXBuildFile; fileRef = 9303B8D223AF6BE00050A4B5 /* CDStat+CoreDataProperties.swift */; };
		9303B8DF23AF6BE00050A4B5 /* CDType+CoreDataClass.swift in Sources */ = {isa = PBXBuildFile; fileRef = 9303B8D323AF6BE00050A4B5 /* CDType+CoreDataClass.swift */; };
		9303B8E023AF6BE00050A4B5 /* CDType+CoreDataProperties.swift in Sources */ = {isa = PBXBuildFile; fileRef = 9303B8D423AF6BE00050A4B5 /* CDType+CoreDataProperties.swift */; };
		9303B8E123AF6BE00050A4B5 /* CDAbility+CoreDataClass.swift in Sources */ = {isa = PBXBuildFile; fileRef = 9303B8D523AF6BE00050A4B5 /* CDAbility+CoreDataClass.swift */; };
		9303B8E223AF6BE00050A4B5 /* CDAbility+CoreDataProperties.swift in Sources */ = {isa = PBXBuildFile; fileRef = 9303B8D623AF6BE00050A4B5 /* CDAbility+CoreDataProperties.swift */; };
		9303B8E323AF6BE00050A4B5 /* CDSprite+CoreDataClass.swift in Sources */ = {isa = PBXBuildFile; fileRef = 9303B8D723AF6BE00050A4B5 /* CDSprite+CoreDataClass.swift */; };
		9303B8E423AF6BE00050A4B5 /* CDSprite+CoreDataProperties.swift in Sources */ = {isa = PBXBuildFile; fileRef = 9303B8D823AF6BE00050A4B5 /* CDSprite+CoreDataProperties.swift */; };
		9303B8E623AF7A560050A4B5 /* PokemonAbility.swift in Sources */ = {isa = PBXBuildFile; fileRef = 9303B8E523AF7A560050A4B5 /* PokemonAbility.swift */; };
		9303B8E823AF7A7D0050A4B5 /* PokemonMove.swift in Sources */ = {isa = PBXBuildFile; fileRef = 9303B8E723AF7A7D0050A4B5 /* PokemonMove.swift */; };
		9303B8EA23AF7A970050A4B5 /* PokemonSprite.swift in Sources */ = {isa = PBXBuildFile; fileRef = 9303B8E923AF7A970050A4B5 /* PokemonSprite.swift */; };
		9303B8EC23AF7AED0050A4B5 /* PokemonStat.swift in Sources */ = {isa = PBXBuildFile; fileRef = 9303B8EB23AF7AED0050A4B5 /* PokemonStat.swift */; };
		9303B8EE23AF7B020050A4B5 /* PokemonType.swift in Sources */ = {isa = PBXBuildFile; fileRef = 9303B8ED23AF7B020050A4B5 /* PokemonType.swift */; };
		9303B8F023AFA6680050A4B5 /* CoreDataModelsTests.swift in Sources */ = {isa = PBXBuildFile; fileRef = 9303B8EF23AFA6680050A4B5 /* CoreDataModelsTests.swift */; };
		9303B8F323AFA7D00050A4B5 /* MockData.swift in Sources */ = {isa = PBXBuildFile; fileRef = 9303B8F223AFA7D00050A4B5 /* MockData.swift */; };
		9303B8F523AFA8700050A4B5 /* DataTaskMock.swift in Sources */ = {isa = PBXBuildFile; fileRef = 9303B8F423AFA8700050A4B5 /* DataTaskMock.swift */; };
		9303B8F723AFA8970050A4B5 /* URLSessionMock.swift in Sources */ = {isa = PBXBuildFile; fileRef = 9303B8F623AFA8970050A4B5 /* URLSessionMock.swift */; };
		9303B8F923AFA8EB0050A4B5 /* DataTaskDataMock.swift in Sources */ = {isa = PBXBuildFile; fileRef = 9303B8F823AFA8EB0050A4B5 /* DataTaskDataMock.swift */; };
		9303B8FB23AFA90A0050A4B5 /* URLSessionDataMock.swift in Sources */ = {isa = PBXBuildFile; fileRef = 9303B8FA23AFA90A0050A4B5 /* URLSessionDataMock.swift */; };
		9303B8FD23AFAEE20050A4B5 /* ability.json in Resources */ = {isa = PBXBuildFile; fileRef = 9303B8FC23AFAEE20050A4B5 /* ability.json */; };
		9303B8FF23AFAF0C0050A4B5 /* move.json in Resources */ = {isa = PBXBuildFile; fileRef = 9303B8FE23AFAF0C0050A4B5 /* move.json */; };
		9303B90123AFAF320050A4B5 /* sprites.json in Resources */ = {isa = PBXBuildFile; fileRef = 9303B90023AFAF320050A4B5 /* sprites.json */; };
		9303B90323AFAF490050A4B5 /* stat.json in Resources */ = {isa = PBXBuildFile; fileRef = 9303B90223AFAF490050A4B5 /* stat.json */; };
		9303B90523AFAF5C0050A4B5 /* type.json in Resources */ = {isa = PBXBuildFile; fileRef = 9303B90423AFAF5C0050A4B5 /* type.json */; };
		9303B90723AFB4D80050A4B5 /* ModelsTests.swift in Sources */ = {isa = PBXBuildFile; fileRef = 9303B90623AFB4D80050A4B5 /* ModelsTests.swift */; };
		9303B90A23B066BC0050A4B5 /* CoreDataManager.swift in Sources */ = {isa = PBXBuildFile; fileRef = 9303B90923B066BC0050A4B5 /* CoreDataManager.swift */; };
		9303B90C23B06EB10050A4B5 /* PokemonListItem.swift in Sources */ = {isa = PBXBuildFile; fileRef = 9303B90B23B06EB10050A4B5 /* PokemonListItem.swift */; };
		9303B91323B06FF50050A4B5 /* CDListItem+CoreDataClass.swift in Sources */ = {isa = PBXBuildFile; fileRef = 9303B91123B06FF50050A4B5 /* CDListItem+CoreDataClass.swift */; };
		9303B91423B06FF50050A4B5 /* CDListItem+CoreDataProperties.swift in Sources */ = {isa = PBXBuildFile; fileRef = 9303B91223B06FF50050A4B5 /* CDListItem+CoreDataProperties.swift */; };
		9303B91623B071720050A4B5 /* named_api_resource.json in Resources */ = {isa = PBXBuildFile; fileRef = 9303B91523B071720050A4B5 /* named_api_resource.json */; };
		9379614823C3622C0001D14B /* ImageClient.swift in Sources */ = {isa = PBXBuildFile; fileRef = 9379614723C3622C0001D14B /* ImageClient.swift */; };
		9379614A23C362470001D14B /* ImageClientTests.swift in Sources */ = {isa = PBXBuildFile; fileRef = 9379614923C362470001D14B /* ImageClientTests.swift */; };
		93C80EB923B09E0500B05045 /* CellIdentifier.swift in Sources */ = {isa = PBXBuildFile; fileRef = 93C80EB823B09E0500B05045 /* CellIdentifier.swift */; };
		93C80EBB23B09F4300B05045 /* DataManagerFacade.swift in Sources */ = {isa = PBXBuildFile; fileRef = 93C80EBA23B09F4300B05045 /* DataManagerFacade.swift */; };
		93C80EBE23B0AD7B00B05045 /* PokemonViewController.swift in Sources */ = {isa = PBXBuildFile; fileRef = 93C80EBD23B0AD7B00B05045 /* PokemonViewController.swift */; };
		93C80EC023B0B60100B05045 /* CoreDataManagerTests.swift in Sources */ = {isa = PBXBuildFile; fileRef = 93C80EBF23B0B60100B05045 /* CoreDataManagerTests.swift */; };
		93C80EC223B10A4100B05045 /* LoaderTableViewCell.swift in Sources */ = {isa = PBXBuildFile; fileRef = 93C80EC123B10A4100B05045 /* LoaderTableViewCell.swift */; };
		93C80EC623B1C82A00B05045 /* PokemonViewModel.swift in Sources */ = {isa = PBXBuildFile; fileRef = 93C80EC523B1C82A00B05045 /* PokemonViewModel.swift */; };
		93C80EC823B1CB8100B05045 /* PokemonView.swift in Sources */ = {isa = PBXBuildFile; fileRef = 93C80EC723B1CB8100B05045 /* PokemonView.swift */; };
		93C80ECA23B1D4B500B05045 /* StringExtension.swift in Sources */ = {isa = PBXBuildFile; fileRef = 93C80EC923B1D4B500B05045 /* StringExtension.swift */; };
		93C80ECC23B21E8D00B05045 /* PokemonTableViewCell.swift in Sources */ = {isa = PBXBuildFile; fileRef = 93C80ECB23B21E8D00B05045 /* PokemonTableViewCell.swift */; };
		93C80ECE23B2254400B05045 /* UIViewExtension.swift in Sources */ = {isa = PBXBuildFile; fileRef = 93C80ECD23B2254400B05045 /* UIViewExtension.swift */; };
		93C80ED023B245B700B05045 /* pokemon.png in Resources */ = {isa = PBXBuildFile; fileRef = 93C80ECF23B245B700B05045 /* pokemon.png */; };
		93C80ED223B30B7D00B05045 /* DataManagerFacadeTests.swift in Sources */ = {isa = PBXBuildFile; fileRef = 93C80ED123B30B7D00B05045 /* DataManagerFacadeTests.swift */; };
		93D2ECD123BD91C30077E0D4 /* NetworkingClient.swift in Sources */ = {isa = PBXBuildFile; fileRef = 93D2ECD023BD91C30077E0D4 /* NetworkingClient.swift */; };
		93D2ECD323BD91DF0077E0D4 /* NetworkingClientTests.swift in Sources */ = {isa = PBXBuildFile; fileRef = 93D2ECD223BD91DF0077E0D4 /* NetworkingClientTests.swift */; };
		93D2ECD523BD958E0077E0D4 /* MockURLSession.swift in Sources */ = {isa = PBXBuildFile; fileRef = 93D2ECD423BD958E0077E0D4 /* MockURLSession.swift */; };
		93D2ECD723BD95ED0077E0D4 /* MockURLSessionDataTask.swift in Sources */ = {isa = PBXBuildFile; fileRef = 93D2ECD623BD95ED0077E0D4 /* MockURLSessionDataTask.swift */; };
		93D2ECDC23BDCE180077E0D4 /* Pokemons_Response.json in Resources */ = {isa = PBXBuildFile; fileRef = 93D2ECDB23BDCE180077E0D4 /* Pokemons_Response.json */; };
		93D2ECDF23BDCE550077E0D4 /* Data+JSONFile.swift in Sources */ = {isa = PBXBuildFile; fileRef = 93D2ECDE23BDCE550077E0D4 /* Data+JSONFile.swift */; };
		93D2ECE123BDCF010077E0D4 /* Pokemons_MissingProperties_Response.json in Resources */ = {isa = PBXBuildFile; fileRef = 93D2ECE023BDCF010077E0D4 /* Pokemons_MissingProperties_Response.json */; };
		93D2ECE323BDF9A80077E0D4 /* SinglePokemon_Response.json in Resources */ = {isa = PBXBuildFile; fileRef = 93D2ECE223BDF9A80077E0D4 /* SinglePokemon_Response.json */; };
		93D2ECE523BDF9C40077E0D4 /* SinglePokemon_MissingProperties_Response.json in Resources */ = {isa = PBXBuildFile; fileRef = 93D2ECE423BDF9C40077E0D4 /* SinglePokemon_MissingProperties_Response.json */; };
		93D3251723AF0F5C006C0BC5 /* AppDelegate.swift in Sources */ = {isa = PBXBuildFile; fileRef = 93D3251623AF0F5C006C0BC5 /* AppDelegate.swift */; };
		93D3251923AF0F5C006C0BC5 /* SceneDelegate.swift in Sources */ = {isa = PBXBuildFile; fileRef = 93D3251823AF0F5C006C0BC5 /* SceneDelegate.swift */; };
		93D3251B23AF0F5C006C0BC5 /* PokemonListViewController.swift in Sources */ = {isa = PBXBuildFile; fileRef = 93D3251A23AF0F5C006C0BC5 /* PokemonListViewController.swift */; };
		93D3251E23AF0F5C006C0BC5 /* Main.storyboard in Resources */ = {isa = PBXBuildFile; fileRef = 93D3251C23AF0F5C006C0BC5 /* Main.storyboard */; };
		93D3252123AF0F5C006C0BC5 /* StanislavKobiletski.xcdatamodeld in Sources */ = {isa = PBXBuildFile; fileRef = 93D3251F23AF0F5C006C0BC5 /* StanislavKobiletski.xcdatamodeld */; };
		93D3252323AF0F5F006C0BC5 /* Assets.xcassets in Resources */ = {isa = PBXBuildFile; fileRef = 93D3252223AF0F5F006C0BC5 /* Assets.xcassets */; };
		93D3252623AF0F5F006C0BC5 /* LaunchScreen.storyboard in Resources */ = {isa = PBXBuildFile; fileRef = 93D3252423AF0F5F006C0BC5 /* LaunchScreen.storyboard */; };
		93D3253123AF0F60006C0BC5 /* NetworkManagerTests.swift in Sources */ = {isa = PBXBuildFile; fileRef = 93D3253023AF0F60006C0BC5 /* NetworkManagerTests.swift */; };
		93D3255223AF129E006C0BC5 /* NamedAPIResource.swift in Sources */ = {isa = PBXBuildFile; fileRef = 93D3255123AF129E006C0BC5 /* NamedAPIResource.swift */; };
		93D3255423AF12B7006C0BC5 /* NamedAPIResourceList.swift in Sources */ = {isa = PBXBuildFile; fileRef = 93D3255323AF12B7006C0BC5 /* NamedAPIResourceList.swift */; };
		93D3255623AF12D4006C0BC5 /* JSONPokemonType.swift in Sources */ = {isa = PBXBuildFile; fileRef = 93D3255523AF12D4006C0BC5 /* JSONPokemonType.swift */; };
		93D3255823AF12EC006C0BC5 /* JSONPokemonStat.swift in Sources */ = {isa = PBXBuildFile; fileRef = 93D3255723AF12EC006C0BC5 /* JSONPokemonStat.swift */; };
		93D3255A23AF1303006C0BC5 /* JSONPokemonSprites.swift in Sources */ = {isa = PBXBuildFile; fileRef = 93D3255923AF1303006C0BC5 /* JSONPokemonSprites.swift */; };
		93D3255C23AF1318006C0BC5 /* JSONPokemonMove.swift in Sources */ = {isa = PBXBuildFile; fileRef = 93D3255B23AF1318006C0BC5 /* JSONPokemonMove.swift */; };
		93D3255E23AF1330006C0BC5 /* JSONPokemonAbility.swift in Sources */ = {isa = PBXBuildFile; fileRef = 93D3255D23AF1330006C0BC5 /* JSONPokemonAbility.swift */; };
		93D3256023AF1344006C0BC5 /* JSONPokemon.swift in Sources */ = {isa = PBXBuildFile; fileRef = 93D3255F23AF1344006C0BC5 /* JSONPokemon.swift */; };
		93D3257723AF2745006C0BC5 /* NetworkingManager.swift in Sources */ = {isa = PBXBuildFile; fileRef = 93D3257623AF2745006C0BC5 /* NetworkingManager.swift */; };
		93D3257A23AF3CEB006C0BC5 /* URLSessionProtocol.swift in Sources */ = {isa = PBXBuildFile; fileRef = 93D3257923AF3CEB006C0BC5 /* URLSessionProtocol.swift */; };
		93D3257D23AF3D2A006C0BC5 /* URLSessionExtention.swift in Sources */ = {isa = PBXBuildFile; fileRef = 93D3257C23AF3D2A006C0BC5 /* URLSessionExtention.swift */; };
		93D3257F23AF43FC006C0BC5 /* pokemons_list.json in Resources */ = {isa = PBXBuildFile; fileRef = 93D3257E23AF43FC006C0BC5 /* pokemons_list.json */; };
		93D3258123AF4445006C0BC5 /* single_pokemon.json in Resources */ = {isa = PBXBuildFile; fileRef = 93D3258023AF4445006C0BC5 /* single_pokemon.json */; };
		93D3258523AF5028006C0BC5 /* CoreDataStack.swift in Sources */ = {isa = PBXBuildFile; fileRef = 93D3258423AF5028006C0BC5 /* CoreDataStack.swift */; };
		93D3258823AF5B9C006C0BC5 /* Pokemon.swift in Sources */ = {isa = PBXBuildFile; fileRef = 93D3258723AF5B9C006C0BC5 /* Pokemon.swift */; };
/* End PBXBuildFile section */

/* Begin PBXContainerItemProxy section */
		93D3252D23AF0F60006C0BC5 /* PBXContainerItemProxy */ = {
			isa = PBXContainerItemProxy;
			containerPortal = 93D3250B23AF0F5C006C0BC5 /* Project object */;
			proxyType = 1;
			remoteGlobalIDString = 93D3251223AF0F5C006C0BC5;
			remoteInfo = StanislavKobiletski;
		};
/* End PBXContainerItemProxy section */

/* Begin PBXFileReference section */
		9303B8CD23AF6BE00050A4B5 /* CDPokemon+CoreDataClass.swift */ = {isa = PBXFileReference; lastKnownFileType = sourcecode.swift; path = "CDPokemon+CoreDataClass.swift"; sourceTree = SOURCE_ROOT; };
		9303B8CE23AF6BE00050A4B5 /* CDPokemon+CoreDataProperties.swift */ = {isa = PBXFileReference; lastKnownFileType = sourcecode.swift; path = "CDPokemon+CoreDataProperties.swift"; sourceTree = SOURCE_ROOT; };
		9303B8CF23AF6BE00050A4B5 /* CDMove+CoreDataClass.swift */ = {isa = PBXFileReference; lastKnownFileType = sourcecode.swift; path = "CDMove+CoreDataClass.swift"; sourceTree = SOURCE_ROOT; };
		9303B8D023AF6BE00050A4B5 /* CDMove+CoreDataProperties.swift */ = {isa = PBXFileReference; lastKnownFileType = sourcecode.swift; path = "CDMove+CoreDataProperties.swift"; sourceTree = SOURCE_ROOT; };
		9303B8D123AF6BE00050A4B5 /* CDStat+CoreDataClass.swift */ = {isa = PBXFileReference; lastKnownFileType = sourcecode.swift; path = "CDStat+CoreDataClass.swift"; sourceTree = SOURCE_ROOT; };
		9303B8D223AF6BE00050A4B5 /* CDStat+CoreDataProperties.swift */ = {isa = PBXFileReference; lastKnownFileType = sourcecode.swift; path = "CDStat+CoreDataProperties.swift"; sourceTree = SOURCE_ROOT; };
		9303B8D323AF6BE00050A4B5 /* CDType+CoreDataClass.swift */ = {isa = PBXFileReference; lastKnownFileType = sourcecode.swift; path = "CDType+CoreDataClass.swift"; sourceTree = SOURCE_ROOT; };
		9303B8D423AF6BE00050A4B5 /* CDType+CoreDataProperties.swift */ = {isa = PBXFileReference; lastKnownFileType = sourcecode.swift; path = "CDType+CoreDataProperties.swift"; sourceTree = SOURCE_ROOT; };
		9303B8D523AF6BE00050A4B5 /* CDAbility+CoreDataClass.swift */ = {isa = PBXFileReference; lastKnownFileType = sourcecode.swift; path = "CDAbility+CoreDataClass.swift"; sourceTree = SOURCE_ROOT; };
		9303B8D623AF6BE00050A4B5 /* CDAbility+CoreDataProperties.swift */ = {isa = PBXFileReference; lastKnownFileType = sourcecode.swift; path = "CDAbility+CoreDataProperties.swift"; sourceTree = SOURCE_ROOT; };
		9303B8D723AF6BE00050A4B5 /* CDSprite+CoreDataClass.swift */ = {isa = PBXFileReference; lastKnownFileType = sourcecode.swift; path = "CDSprite+CoreDataClass.swift"; sourceTree = SOURCE_ROOT; };
		9303B8D823AF6BE00050A4B5 /* CDSprite+CoreDataProperties.swift */ = {isa = PBXFileReference; lastKnownFileType = sourcecode.swift; path = "CDSprite+CoreDataProperties.swift"; sourceTree = SOURCE_ROOT; };
		9303B8E523AF7A560050A4B5 /* PokemonAbility.swift */ = {isa = PBXFileReference; lastKnownFileType = sourcecode.swift; path = PokemonAbility.swift; sourceTree = "<group>"; };
		9303B8E723AF7A7D0050A4B5 /* PokemonMove.swift */ = {isa = PBXFileReference; lastKnownFileType = sourcecode.swift; path = PokemonMove.swift; sourceTree = "<group>"; };
		9303B8E923AF7A970050A4B5 /* PokemonSprite.swift */ = {isa = PBXFileReference; lastKnownFileType = sourcecode.swift; path = PokemonSprite.swift; sourceTree = "<group>"; };
		9303B8EB23AF7AED0050A4B5 /* PokemonStat.swift */ = {isa = PBXFileReference; lastKnownFileType = sourcecode.swift; path = PokemonStat.swift; sourceTree = "<group>"; };
		9303B8ED23AF7B020050A4B5 /* PokemonType.swift */ = {isa = PBXFileReference; lastKnownFileType = sourcecode.swift; path = PokemonType.swift; sourceTree = "<group>"; };
		9303B8EF23AFA6680050A4B5 /* CoreDataModelsTests.swift */ = {isa = PBXFileReference; lastKnownFileType = sourcecode.swift; path = CoreDataModelsTests.swift; sourceTree = "<group>"; };
		9303B8F223AFA7D00050A4B5 /* MockData.swift */ = {isa = PBXFileReference; lastKnownFileType = sourcecode.swift; path = MockData.swift; sourceTree = "<group>"; };
		9303B8F423AFA8700050A4B5 /* DataTaskMock.swift */ = {isa = PBXFileReference; lastKnownFileType = sourcecode.swift; path = DataTaskMock.swift; sourceTree = "<group>"; };
		9303B8F623AFA8970050A4B5 /* URLSessionMock.swift */ = {isa = PBXFileReference; lastKnownFileType = sourcecode.swift; path = URLSessionMock.swift; sourceTree = "<group>"; };
		9303B8F823AFA8EB0050A4B5 /* DataTaskDataMock.swift */ = {isa = PBXFileReference; lastKnownFileType = sourcecode.swift; path = DataTaskDataMock.swift; sourceTree = "<group>"; };
		9303B8FA23AFA90A0050A4B5 /* URLSessionDataMock.swift */ = {isa = PBXFileReference; lastKnownFileType = sourcecode.swift; path = URLSessionDataMock.swift; sourceTree = "<group>"; };
		9303B8FC23AFAEE20050A4B5 /* ability.json */ = {isa = PBXFileReference; lastKnownFileType = text.json; path = ability.json; sourceTree = "<group>"; };
		9303B8FE23AFAF0C0050A4B5 /* move.json */ = {isa = PBXFileReference; lastKnownFileType = text.json; path = move.json; sourceTree = "<group>"; };
		9303B90023AFAF320050A4B5 /* sprites.json */ = {isa = PBXFileReference; lastKnownFileType = text.json; path = sprites.json; sourceTree = "<group>"; };
		9303B90223AFAF490050A4B5 /* stat.json */ = {isa = PBXFileReference; lastKnownFileType = text.json; path = stat.json; sourceTree = "<group>"; };
		9303B90423AFAF5C0050A4B5 /* type.json */ = {isa = PBXFileReference; lastKnownFileType = text.json; path = type.json; sourceTree = "<group>"; };
		9303B90623AFB4D80050A4B5 /* ModelsTests.swift */ = {isa = PBXFileReference; lastKnownFileType = sourcecode.swift; path = ModelsTests.swift; sourceTree = "<group>"; };
		9303B90923B066BC0050A4B5 /* CoreDataManager.swift */ = {isa = PBXFileReference; lastKnownFileType = sourcecode.swift; path = CoreDataManager.swift; sourceTree = "<group>"; };
		9303B90B23B06EB10050A4B5 /* PokemonListItem.swift */ = {isa = PBXFileReference; lastKnownFileType = sourcecode.swift; path = PokemonListItem.swift; sourceTree = "<group>"; };
		9303B91123B06FF50050A4B5 /* CDListItem+CoreDataClass.swift */ = {isa = PBXFileReference; lastKnownFileType = sourcecode.swift; path = "CDListItem+CoreDataClass.swift"; sourceTree = SOURCE_ROOT; };
		9303B91223B06FF50050A4B5 /* CDListItem+CoreDataProperties.swift */ = {isa = PBXFileReference; lastKnownFileType = sourcecode.swift; path = "CDListItem+CoreDataProperties.swift"; sourceTree = SOURCE_ROOT; };
		9303B91523B071720050A4B5 /* named_api_resource.json */ = {isa = PBXFileReference; lastKnownFileType = text.json; path = named_api_resource.json; sourceTree = "<group>"; };
		9379614723C3622C0001D14B /* ImageClient.swift */ = {isa = PBXFileReference; lastKnownFileType = sourcecode.swift; path = ImageClient.swift; sourceTree = "<group>"; };
		9379614923C362470001D14B /* ImageClientTests.swift */ = {isa = PBXFileReference; lastKnownFileType = sourcecode.swift; path = ImageClientTests.swift; sourceTree = "<group>"; };
		93C80EB823B09E0500B05045 /* CellIdentifier.swift */ = {isa = PBXFileReference; lastKnownFileType = sourcecode.swift; path = CellIdentifier.swift; sourceTree = "<group>"; };
		93C80EBA23B09F4300B05045 /* DataManagerFacade.swift */ = {isa = PBXFileReference; lastKnownFileType = sourcecode.swift; path = DataManagerFacade.swift; sourceTree = "<group>"; };
		93C80EBD23B0AD7B00B05045 /* PokemonViewController.swift */ = {isa = PBXFileReference; lastKnownFileType = sourcecode.swift; path = PokemonViewController.swift; sourceTree = "<group>"; };
		93C80EBF23B0B60100B05045 /* CoreDataManagerTests.swift */ = {isa = PBXFileReference; lastKnownFileType = sourcecode.swift; path = CoreDataManagerTests.swift; sourceTree = "<group>"; };
		93C80EC123B10A4100B05045 /* LoaderTableViewCell.swift */ = {isa = PBXFileReference; lastKnownFileType = sourcecode.swift; path = LoaderTableViewCell.swift; sourceTree = "<group>"; };
		93C80EC523B1C82A00B05045 /* PokemonViewModel.swift */ = {isa = PBXFileReference; lastKnownFileType = sourcecode.swift; path = PokemonViewModel.swift; sourceTree = "<group>"; };
		93C80EC723B1CB8100B05045 /* PokemonView.swift */ = {isa = PBXFileReference; lastKnownFileType = sourcecode.swift; path = PokemonView.swift; sourceTree = "<group>"; };
		93C80EC923B1D4B500B05045 /* StringExtension.swift */ = {isa = PBXFileReference; lastKnownFileType = sourcecode.swift; path = StringExtension.swift; sourceTree = "<group>"; };
		93C80ECB23B21E8D00B05045 /* PokemonTableViewCell.swift */ = {isa = PBXFileReference; lastKnownFileType = sourcecode.swift; path = PokemonTableViewCell.swift; sourceTree = "<group>"; };
		93C80ECD23B2254400B05045 /* UIViewExtension.swift */ = {isa = PBXFileReference; lastKnownFileType = sourcecode.swift; path = UIViewExtension.swift; sourceTree = "<group>"; };
		93C80ECF23B245B700B05045 /* pokemon.png */ = {isa = PBXFileReference; lastKnownFileType = image.png; path = pokemon.png; sourceTree = "<group>"; };
		93C80ED123B30B7D00B05045 /* DataManagerFacadeTests.swift */ = {isa = PBXFileReference; lastKnownFileType = sourcecode.swift; path = DataManagerFacadeTests.swift; sourceTree = "<group>"; };
		93D2ECD023BD91C30077E0D4 /* NetworkingClient.swift */ = {isa = PBXFileReference; lastKnownFileType = sourcecode.swift; path = NetworkingClient.swift; sourceTree = "<group>"; };
		93D2ECD223BD91DF0077E0D4 /* NetworkingClientTests.swift */ = {isa = PBXFileReference; lastKnownFileType = sourcecode.swift; path = NetworkingClientTests.swift; sourceTree = "<group>"; };
		93D2ECD423BD958E0077E0D4 /* MockURLSession.swift */ = {isa = PBXFileReference; lastKnownFileType = sourcecode.swift; path = MockURLSession.swift; sourceTree = "<group>"; };
		93D2ECD623BD95ED0077E0D4 /* MockURLSessionDataTask.swift */ = {isa = PBXFileReference; lastKnownFileType = sourcecode.swift; path = MockURLSessionDataTask.swift; sourceTree = "<group>"; };
		93D2ECDB23BDCE180077E0D4 /* Pokemons_Response.json */ = {isa = PBXFileReference; lastKnownFileType = text.json; path = Pokemons_Response.json; sourceTree = "<group>"; };
		93D2ECDE23BDCE550077E0D4 /* Data+JSONFile.swift */ = {isa = PBXFileReference; lastKnownFileType = sourcecode.swift; path = "Data+JSONFile.swift"; sourceTree = "<group>"; };
		93D2ECE023BDCF010077E0D4 /* Pokemons_MissingProperties_Response.json */ = {isa = PBXFileReference; lastKnownFileType = text.json; path = Pokemons_MissingProperties_Response.json; sourceTree = "<group>"; };
		93D2ECE223BDF9A80077E0D4 /* SinglePokemon_Response.json */ = {isa = PBXFileReference; lastKnownFileType = text.json; path = SinglePokemon_Response.json; sourceTree = "<group>"; };
		93D2ECE423BDF9C40077E0D4 /* SinglePokemon_MissingProperties_Response.json */ = {isa = PBXFileReference; lastKnownFileType = text.json; path = SinglePokemon_MissingProperties_Response.json; sourceTree = "<group>"; xcLanguageSpecificationIdentifier = xcode.lang.json; };
		93D3251323AF0F5C006C0BC5 /* PokemonWise.app */ = {isa = PBXFileReference; explicitFileType = wrapper.application; includeInIndex = 0; path = PokemonWise.app; sourceTree = BUILT_PRODUCTS_DIR; };
		93D3251623AF0F5C006C0BC5 /* AppDelegate.swift */ = {isa = PBXFileReference; lastKnownFileType = sourcecode.swift; path = AppDelegate.swift; sourceTree = "<group>"; };
		93D3251823AF0F5C006C0BC5 /* SceneDelegate.swift */ = {isa = PBXFileReference; lastKnownFileType = sourcecode.swift; path = SceneDelegate.swift; sourceTree = "<group>"; };
		93D3251A23AF0F5C006C0BC5 /* PokemonListViewController.swift */ = {isa = PBXFileReference; lastKnownFileType = sourcecode.swift; path = PokemonListViewController.swift; sourceTree = "<group>"; };
		93D3251D23AF0F5C006C0BC5 /* Base */ = {isa = PBXFileReference; lastKnownFileType = file.storyboard; name = Base; path = Base.lproj/Main.storyboard; sourceTree = "<group>"; };
		93D3252023AF0F5C006C0BC5 /* StanislavKobiletski.xcdatamodel */ = {isa = PBXFileReference; lastKnownFileType = wrapper.xcdatamodel; path = StanislavKobiletski.xcdatamodel; sourceTree = "<group>"; };
		93D3252223AF0F5F006C0BC5 /* Assets.xcassets */ = {isa = PBXFileReference; lastKnownFileType = folder.assetcatalog; path = Assets.xcassets; sourceTree = "<group>"; };
		93D3252523AF0F5F006C0BC5 /* Base */ = {isa = PBXFileReference; lastKnownFileType = file.storyboard; name = Base; path = Base.lproj/LaunchScreen.storyboard; sourceTree = "<group>"; };
		93D3252723AF0F5F006C0BC5 /* Info.plist */ = {isa = PBXFileReference; lastKnownFileType = text.plist.xml; path = Info.plist; sourceTree = "<group>"; };
		93D3252C23AF0F60006C0BC5 /* StanislavKobiletskiTests.xctest */ = {isa = PBXFileReference; explicitFileType = wrapper.cfbundle; includeInIndex = 0; path = StanislavKobiletskiTests.xctest; sourceTree = BUILT_PRODUCTS_DIR; };
		93D3253023AF0F60006C0BC5 /* NetworkManagerTests.swift */ = {isa = PBXFileReference; lastKnownFileType = sourcecode.swift; path = NetworkManagerTests.swift; sourceTree = "<group>"; };
		93D3253223AF0F60006C0BC5 /* Info.plist */ = {isa = PBXFileReference; lastKnownFileType = text.plist.xml; path = Info.plist; sourceTree = "<group>"; };
		93D3255123AF129E006C0BC5 /* NamedAPIResource.swift */ = {isa = PBXFileReference; lastKnownFileType = sourcecode.swift; path = NamedAPIResource.swift; sourceTree = "<group>"; };
		93D3255323AF12B7006C0BC5 /* NamedAPIResourceList.swift */ = {isa = PBXFileReference; lastKnownFileType = sourcecode.swift; path = NamedAPIResourceList.swift; sourceTree = "<group>"; };
		93D3255523AF12D4006C0BC5 /* JSONPokemonType.swift */ = {isa = PBXFileReference; lastKnownFileType = sourcecode.swift; path = JSONPokemonType.swift; sourceTree = "<group>"; };
		93D3255723AF12EC006C0BC5 /* JSONPokemonStat.swift */ = {isa = PBXFileReference; lastKnownFileType = sourcecode.swift; path = JSONPokemonStat.swift; sourceTree = "<group>"; };
		93D3255923AF1303006C0BC5 /* JSONPokemonSprites.swift */ = {isa = PBXFileReference; lastKnownFileType = sourcecode.swift; path = JSONPokemonSprites.swift; sourceTree = "<group>"; };
		93D3255B23AF1318006C0BC5 /* JSONPokemonMove.swift */ = {isa = PBXFileReference; lastKnownFileType = sourcecode.swift; path = JSONPokemonMove.swift; sourceTree = "<group>"; };
		93D3255D23AF1330006C0BC5 /* JSONPokemonAbility.swift */ = {isa = PBXFileReference; lastKnownFileType = sourcecode.swift; path = JSONPokemonAbility.swift; sourceTree = "<group>"; };
		93D3255F23AF1344006C0BC5 /* JSONPokemon.swift */ = {isa = PBXFileReference; lastKnownFileType = sourcecode.swift; path = JSONPokemon.swift; sourceTree = "<group>"; };
		93D3257623AF2745006C0BC5 /* NetworkingManager.swift */ = {isa = PBXFileReference; lastKnownFileType = sourcecode.swift; path = NetworkingManager.swift; sourceTree = "<group>"; };
		93D3257923AF3CEB006C0BC5 /* URLSessionProtocol.swift */ = {isa = PBXFileReference; lastKnownFileType = sourcecode.swift; path = URLSessionProtocol.swift; sourceTree = "<group>"; };
		93D3257C23AF3D2A006C0BC5 /* URLSessionExtention.swift */ = {isa = PBXFileReference; lastKnownFileType = sourcecode.swift; path = URLSessionExtention.swift; sourceTree = "<group>"; };
		93D3257E23AF43FC006C0BC5 /* pokemons_list.json */ = {isa = PBXFileReference; lastKnownFileType = text.json; path = pokemons_list.json; sourceTree = "<group>"; xcLanguageSpecificationIdentifier = xcode.lang.json; };
		93D3258023AF4445006C0BC5 /* single_pokemon.json */ = {isa = PBXFileReference; lastKnownFileType = text.json; path = single_pokemon.json; sourceTree = "<group>"; xcLanguageSpecificationIdentifier = xcode.lang.json; };
		93D3258423AF5028006C0BC5 /* CoreDataStack.swift */ = {isa = PBXFileReference; lastKnownFileType = sourcecode.swift; path = CoreDataStack.swift; sourceTree = "<group>"; };
		93D3258723AF5B9C006C0BC5 /* Pokemon.swift */ = {isa = PBXFileReference; lastKnownFileType = sourcecode.swift; path = Pokemon.swift; sourceTree = "<group>"; };
/* End PBXFileReference section */

/* Begin PBXFrameworksBuildPhase section */
		93D3251023AF0F5C006C0BC5 /* Frameworks */ = {
			isa = PBXFrameworksBuildPhase;
			buildActionMask = 2147483647;
			files = (
			);
			runOnlyForDeploymentPostprocessing = 0;
		};
		93D3252923AF0F60006C0BC5 /* Frameworks */ = {
			isa = PBXFrameworksBuildPhase;
			buildActionMask = 2147483647;
			files = (
			);
			runOnlyForDeploymentPostprocessing = 0;
		};
/* End PBXFrameworksBuildPhase section */

/* Begin PBXGroup section */
		9303B8CC23AF6B6F0050A4B5 /* CoreDataModels */ = {
			isa = PBXGroup;
			children = (
				9303B8D523AF6BE00050A4B5 /* CDAbility+CoreDataClass.swift */,
				9303B8D623AF6BE00050A4B5 /* CDAbility+CoreDataProperties.swift */,
				9303B91123B06FF50050A4B5 /* CDListItem+CoreDataClass.swift */,
				9303B91223B06FF50050A4B5 /* CDListItem+CoreDataProperties.swift */,
				9303B8CF23AF6BE00050A4B5 /* CDMove+CoreDataClass.swift */,
				9303B8D023AF6BE00050A4B5 /* CDMove+CoreDataProperties.swift */,
				9303B8CD23AF6BE00050A4B5 /* CDPokemon+CoreDataClass.swift */,
				9303B8CE23AF6BE00050A4B5 /* CDPokemon+CoreDataProperties.swift */,
				9303B8D723AF6BE00050A4B5 /* CDSprite+CoreDataClass.swift */,
				9303B8D823AF6BE00050A4B5 /* CDSprite+CoreDataProperties.swift */,
				9303B8D123AF6BE00050A4B5 /* CDStat+CoreDataClass.swift */,
				9303B8D223AF6BE00050A4B5 /* CDStat+CoreDataProperties.swift */,
				9303B8D323AF6BE00050A4B5 /* CDType+CoreDataClass.swift */,
				9303B8D423AF6BE00050A4B5 /* CDType+CoreDataProperties.swift */,
			);
			path = CoreDataModels;
			sourceTree = "<group>";
		};
		9303B8F123AFA7B80050A4B5 /* Mocks */ = {
			isa = PBXGroup;
			children = (
				9303B8F823AFA8EB0050A4B5 /* DataTaskDataMock.swift */,
				9303B8F423AFA8700050A4B5 /* DataTaskMock.swift */,
				9303B8F223AFA7D00050A4B5 /* MockData.swift */,
				9303B8FA23AFA90A0050A4B5 /* URLSessionDataMock.swift */,
				9303B8F623AFA8970050A4B5 /* URLSessionMock.swift */,
				93D2ECD423BD958E0077E0D4 /* MockURLSession.swift */,
				93D2ECD623BD95ED0077E0D4 /* MockURLSessionDataTask.swift */,
			);
			path = Mocks;
			sourceTree = "<group>";
		};
		9303B90823AFB5D70050A4B5 /* Tests */ = {
			isa = PBXGroup;
			children = (
				93C80EBF23B0B60100B05045 /* CoreDataManagerTests.swift */,
				9303B8EF23AFA6680050A4B5 /* CoreDataModelsTests.swift */,
				93C80ED123B30B7D00B05045 /* DataManagerFacadeTests.swift */,
				9303B90623AFB4D80050A4B5 /* ModelsTests.swift */,
				93D2ECD223BD91DF0077E0D4 /* NetworkingClientTests.swift */,
				93D3253023AF0F60006C0BC5 /* NetworkManagerTests.swift */,
				9379614923C362470001D14B /* ImageClientTests.swift */,
			);
			path = Tests;
			sourceTree = "<group>";
		};
		93C80EB723B09DE800B05045 /* Helpers */ = {
			isa = PBXGroup;
			children = (
				93C80EB823B09E0500B05045 /* CellIdentifier.swift */,
			);
			path = Helpers;
			sourceTree = "<group>";
		};
		93C80EBC23B0A70600B05045 /* Facades */ = {
			isa = PBXGroup;
			children = (
				93C80EBA23B09F4300B05045 /* DataManagerFacade.swift */,
			);
			path = Facades;
			sourceTree = "<group>";
		};
		93C80EC323B1C80A00B05045 /* PokemonModels */ = {
			isa = PBXGroup;
			children = (
				93D3258723AF5B9C006C0BC5 /* Pokemon.swift */,
				9303B8E523AF7A560050A4B5 /* PokemonAbility.swift */,
				9303B90B23B06EB10050A4B5 /* PokemonListItem.swift */,
				9303B8E723AF7A7D0050A4B5 /* PokemonMove.swift */,
				9303B8E923AF7A970050A4B5 /* PokemonSprite.swift */,
				9303B8EB23AF7AED0050A4B5 /* PokemonStat.swift */,
				9303B8ED23AF7B020050A4B5 /* PokemonType.swift */,
			);
			path = PokemonModels;
			sourceTree = "<group>";
		};
		93C80EC423B1C81500B05045 /* ViewModels */ = {
			isa = PBXGroup;
			children = (
				93C80EC523B1C82A00B05045 /* PokemonViewModel.swift */,
			);
			path = ViewModels;
			sourceTree = "<group>";
		};
		93D2ECD823BDCDE80077E0D4 /* Data */ = {
			isa = PBXGroup;
			children = (
				93D2ECE023BDCF010077E0D4 /* Pokemons_MissingProperties_Response.json */,
				93D2ECDB23BDCE180077E0D4 /* Pokemons_Response.json */,
				93D2ECE423BDF9C40077E0D4 /* SinglePokemon_MissingProperties_Response.json */,
				93D2ECE223BDF9A80077E0D4 /* SinglePokemon_Response.json */,
			);
			path = Data;
			sourceTree = "<group>";
		};
		93D2ECDD23BDCE3E0077E0D4 /* Extensions */ = {
			isa = PBXGroup;
			children = (
				93D2ECDE23BDCE550077E0D4 /* Data+JSONFile.swift */,
			);
			path = Extensions;
			sourceTree = "<group>";
		};
		93D3250A23AF0F5C006C0BC5 = {
			isa = PBXGroup;
			children = (
				93D3251523AF0F5C006C0BC5 /* StanislavKobiletski */,
				93D3252F23AF0F60006C0BC5 /* StanislavKobiletskiTests */,
				93D3251423AF0F5C006C0BC5 /* Products */,
			);
			sourceTree = "<group>";
		};
		93D3251423AF0F5C006C0BC5 /* Products */ = {
			isa = PBXGroup;
			children = (
				93D3251323AF0F5C006C0BC5 /* PokemonWise.app */,
				93D3252C23AF0F60006C0BC5 /* StanislavKobiletskiTests.xctest */,
			);
			name = Products;
			sourceTree = "<group>";
		};
		93D3251523AF0F5C006C0BC5 /* StanislavKobiletski */ = {
			isa = PBXGroup;
			children = (
				93D3254923AF0F76006C0BC5 /* AppDelegate */,
				93D3254A23AF0F80006C0BC5 /* Controllers */,
				93D3254E23AF1039006C0BC5 /* Data */,
				93D3257B23AF3D0D006C0BC5 /* Extensions */,
				93C80EB723B09DE800B05045 /* Helpers */,
				93D3254D23AF102E006C0BC5 /* Models */,
				93D3257823AF3CCF006C0BC5 /* Protocols */,
				93D3254C23AF0FC6006C0BC5 /* Resources */,
				93D3254B23AF0F8C006C0BC5 /* Views */,
			);
			path = StanislavKobiletski;
			sourceTree = "<group>";
		};
		93D3252F23AF0F60006C0BC5 /* StanislavKobiletskiTests */ = {
			isa = PBXGroup;
			children = (
				93D2ECDD23BDCE3E0077E0D4 /* Extensions */,
				9303B8F123AFA7B80050A4B5 /* Mocks */,
				93D3258223AF446A006C0BC5 /* Resources */,
				9303B90823AFB5D70050A4B5 /* Tests */,
			);
			path = StanislavKobiletskiTests;
			sourceTree = "<group>";
		};
		93D3254923AF0F76006C0BC5 /* AppDelegate */ = {
			isa = PBXGroup;
			children = (
				93D3251623AF0F5C006C0BC5 /* AppDelegate.swift */,
				93D3251823AF0F5C006C0BC5 /* SceneDelegate.swift */,
			);
			path = AppDelegate;
			sourceTree = "<group>";
		};
		93D3254A23AF0F80006C0BC5 /* Controllers */ = {
			isa = PBXGroup;
			children = (
				93D3251A23AF0F5C006C0BC5 /* PokemonListViewController.swift */,
				93C80EBD23B0AD7B00B05045 /* PokemonViewController.swift */,
			);
			path = Controllers;
			sourceTree = "<group>";
		};
		93D3254B23AF0F8C006C0BC5 /* Views */ = {
			isa = PBXGroup;
			children = (
				93D3252423AF0F5F006C0BC5 /* LaunchScreen.storyboard */,
				93C80EC123B10A4100B05045 /* LoaderTableViewCell.swift */,
				93D3251C23AF0F5C006C0BC5 /* Main.storyboard */,
				93C80ECB23B21E8D00B05045 /* PokemonTableViewCell.swift */,
				93C80EC723B1CB8100B05045 /* PokemonView.swift */,
			);
			path = Views;
			sourceTree = "<group>";
		};
		93D3254C23AF0FC6006C0BC5 /* Resources */ = {
			isa = PBXGroup;
			children = (
				93D3252223AF0F5F006C0BC5 /* Assets.xcassets */,
				93D3252723AF0F5F006C0BC5 /* Info.plist */,
				93D3251F23AF0F5C006C0BC5 /* StanislavKobiletski.xcdatamodeld */,
			);
			path = Resources;
			sourceTree = "<group>";
		};
		93D3254D23AF102E006C0BC5 /* Models */ = {
			isa = PBXGroup;
			children = (
				9303B8CC23AF6B6F0050A4B5 /* CoreDataModels */,
				93D3258623AF5B69006C0BC5 /* DecodableModels */,
				93C80EC323B1C80A00B05045 /* PokemonModels */,
				93C80EC423B1C81500B05045 /* ViewModels */,
			);
			path = Models;
			sourceTree = "<group>";
		};
		93D3254E23AF1039006C0BC5 /* Data */ = {
			isa = PBXGroup;
			children = (
				93D3258323AF5009006C0BC5 /* CoreData */,
				93C80EBC23B0A70600B05045 /* Facades */,
				93D3256123AF164E006C0BC5 /* Networking */,
			);
			path = Data;
			sourceTree = "<group>";
		};
		93D3256123AF164E006C0BC5 /* Networking */ = {
			isa = PBXGroup;
			children = (
				9379614723C3622C0001D14B /* ImageClient.swift */,
				93D2ECD023BD91C30077E0D4 /* NetworkingClient.swift */,
				93D3257623AF2745006C0BC5 /* NetworkingManager.swift */,
			);
			path = Networking;
			sourceTree = "<group>";
		};
		93D3257823AF3CCF006C0BC5 /* Protocols */ = {
			isa = PBXGroup;
			children = (
				93D3257923AF3CEB006C0BC5 /* URLSessionProtocol.swift */,
			);
			path = Protocols;
			sourceTree = "<group>";
		};
		93D3257B23AF3D0D006C0BC5 /* Extensions */ = {
			isa = PBXGroup;
			children = (
				93C80EC923B1D4B500B05045 /* StringExtension.swift */,
				93D3257C23AF3D2A006C0BC5 /* URLSessionExtention.swift */,
				93C80ECD23B2254400B05045 /* UIViewExtension.swift */,
			);
			path = Extensions;
			sourceTree = "<group>";
		};
		93D3258223AF446A006C0BC5 /* Resources */ = {
			isa = PBXGroup;
			children = (
				93D2ECD823BDCDE80077E0D4 /* Data */,
				9303B8FC23AFAEE20050A4B5 /* ability.json */,
				93D3253223AF0F60006C0BC5 /* Info.plist */,
				9303B8FE23AFAF0C0050A4B5 /* move.json */,
				9303B91523B071720050A4B5 /* named_api_resource.json */,
				93C80ECF23B245B700B05045 /* pokemon.png */,
				93D3257E23AF43FC006C0BC5 /* pokemons_list.json */,
				93D3258023AF4445006C0BC5 /* single_pokemon.json */,
				9303B90023AFAF320050A4B5 /* sprites.json */,
				9303B90223AFAF490050A4B5 /* stat.json */,
				9303B90423AFAF5C0050A4B5 /* type.json */,
			);
			path = Resources;
			sourceTree = "<group>";
		};
		93D3258323AF5009006C0BC5 /* CoreData */ = {
			isa = PBXGroup;
			children = (
				93D3258423AF5028006C0BC5 /* CoreDataStack.swift */,
				9303B90923B066BC0050A4B5 /* CoreDataManager.swift */,
			);
			path = CoreData;
			sourceTree = "<group>";
		};
		93D3258623AF5B69006C0BC5 /* DecodableModels */ = {
			isa = PBXGroup;
			children = (
				93D3255123AF129E006C0BC5 /* NamedAPIResource.swift */,
				93D3255323AF12B7006C0BC5 /* NamedAPIResourceList.swift */,
				93D3255F23AF1344006C0BC5 /* JSONPokemon.swift */,
				93D3255D23AF1330006C0BC5 /* JSONPokemonAbility.swift */,
				93D3255B23AF1318006C0BC5 /* JSONPokemonMove.swift */,
				93D3255923AF1303006C0BC5 /* JSONPokemonSprites.swift */,
				93D3255723AF12EC006C0BC5 /* JSONPokemonStat.swift */,
				93D3255523AF12D4006C0BC5 /* JSONPokemonType.swift */,
			);
			path = DecodableModels;
			sourceTree = "<group>";
		};
/* End PBXGroup section */

/* Begin PBXNativeTarget section */
		93D3251223AF0F5C006C0BC5 /* StanislavKobiletski */ = {
			isa = PBXNativeTarget;
			buildConfigurationList = 93D3254023AF0F60006C0BC5 /* Build configuration list for PBXNativeTarget "StanislavKobiletski" */;
			buildPhases = (
				93D3250F23AF0F5C006C0BC5 /* Sources */,
				93D3251023AF0F5C006C0BC5 /* Frameworks */,
				93D3251123AF0F5C006C0BC5 /* Resources */,
			);
			buildRules = (
			);
			dependencies = (
			);
			name = StanislavKobiletski;
			productName = StanislavKobiletski;
			productReference = 93D3251323AF0F5C006C0BC5 /* PokemonWise.app */;
			productType = "com.apple.product-type.application";
		};
		93D3252B23AF0F60006C0BC5 /* StanislavKobiletskiTests */ = {
			isa = PBXNativeTarget;
			buildConfigurationList = 93D3254323AF0F60006C0BC5 /* Build configuration list for PBXNativeTarget "StanislavKobiletskiTests" */;
			buildPhases = (
				93D3252823AF0F60006C0BC5 /* Sources */,
				93D3252923AF0F60006C0BC5 /* Frameworks */,
				93D3252A23AF0F60006C0BC5 /* Resources */,
			);
			buildRules = (
			);
			dependencies = (
				93D3252E23AF0F60006C0BC5 /* PBXTargetDependency */,
			);
			name = StanislavKobiletskiTests;
			productName = StanislavKobiletskiTests;
			productReference = 93D3252C23AF0F60006C0BC5 /* StanislavKobiletskiTests.xctest */;
			productType = "com.apple.product-type.bundle.unit-test";
		};
/* End PBXNativeTarget section */

/* Begin PBXProject section */
		93D3250B23AF0F5C006C0BC5 /* Project object */ = {
			isa = PBXProject;
			attributes = {
				LastSwiftUpdateCheck = 1130;
				LastUpgradeCheck = 1130;
				ORGANIZATIONNAME = "Stanislav Kobiletski";
				TargetAttributes = {
					93D3251223AF0F5C006C0BC5 = {
						CreatedOnToolsVersion = 11.3;
					};
					93D3252B23AF0F60006C0BC5 = {
						CreatedOnToolsVersion = 11.3;
						TestTargetID = 93D3251223AF0F5C006C0BC5;
					};
				};
			};
			buildConfigurationList = 93D3250E23AF0F5C006C0BC5 /* Build configuration list for PBXProject "StanislavKobiletski" */;
			compatibilityVersion = "Xcode 9.3";
			developmentRegion = en;
			hasScannedForEncodings = 0;
			knownRegions = (
				en,
				Base,
			);
			mainGroup = 93D3250A23AF0F5C006C0BC5;
			productRefGroup = 93D3251423AF0F5C006C0BC5 /* Products */;
			projectDirPath = "";
			projectRoot = "";
			targets = (
				93D3251223AF0F5C006C0BC5 /* StanislavKobiletski */,
				93D3252B23AF0F60006C0BC5 /* StanislavKobiletskiTests */,
			);
		};
/* End PBXProject section */

/* Begin PBXResourcesBuildPhase section */
		93D3251123AF0F5C006C0BC5 /* Resources */ = {
			isa = PBXResourcesBuildPhase;
			buildActionMask = 2147483647;
			files = (
				93D3252623AF0F5F006C0BC5 /* LaunchScreen.storyboard in Resources */,
				93D3252323AF0F5F006C0BC5 /* Assets.xcassets in Resources */,
				93D3251E23AF0F5C006C0BC5 /* Main.storyboard in Resources */,
			);
			runOnlyForDeploymentPostprocessing = 0;
		};
		93D3252A23AF0F60006C0BC5 /* Resources */ = {
			isa = PBXResourcesBuildPhase;
			buildActionMask = 2147483647;
			files = (
				93D2ECE323BDF9A80077E0D4 /* SinglePokemon_Response.json in Resources */,
				9303B8FF23AFAF0C0050A4B5 /* move.json in Resources */,
				9303B90123AFAF320050A4B5 /* sprites.json in Resources */,
				9303B90523AFAF5C0050A4B5 /* type.json in Resources */,
				9303B8FD23AFAEE20050A4B5 /* ability.json in Resources */,
				93D2ECE123BDCF010077E0D4 /* Pokemons_MissingProperties_Response.json in Resources */,
				93D2ECE523BDF9C40077E0D4 /* SinglePokemon_MissingProperties_Response.json in Resources */,
				9303B91623B071720050A4B5 /* named_api_resource.json in Resources */,
				93D3258123AF4445006C0BC5 /* single_pokemon.json in Resources */,
				93D2ECDC23BDCE180077E0D4 /* Pokemons_Response.json in Resources */,
				93D3257F23AF43FC006C0BC5 /* pokemons_list.json in Resources */,
				93C80ED023B245B700B05045 /* pokemon.png in Resources */,
				9303B90323AFAF490050A4B5 /* stat.json in Resources */,
			);
			runOnlyForDeploymentPostprocessing = 0;
		};
/* End PBXResourcesBuildPhase section */

/* Begin PBXSourcesBuildPhase section */
		93D3250F23AF0F5C006C0BC5 /* Sources */ = {
			isa = PBXSourcesBuildPhase;
			buildActionMask = 2147483647;
			files = (
				9303B8DE23AF6BE00050A4B5 /* CDStat+CoreDataProperties.swift in Sources */,
				93D3257A23AF3CEB006C0BC5 /* URLSessionProtocol.swift in Sources */,
				9303B8E323AF6BE00050A4B5 /* CDSprite+CoreDataClass.swift in Sources */,
				93C80ECC23B21E8D00B05045 /* PokemonTableViewCell.swift in Sources */,
				9303B8E023AF6BE00050A4B5 /* CDType+CoreDataProperties.swift in Sources */,
				93D3257723AF2745006C0BC5 /* NetworkingManager.swift in Sources */,
				93C80ECE23B2254400B05045 /* UIViewExtension.swift in Sources */,
				93D3255423AF12B7006C0BC5 /* NamedAPIResourceList.swift in Sources */,
				93D2ECD123BD91C30077E0D4 /* NetworkingClient.swift in Sources */,
				93C80EBB23B09F4300B05045 /* DataManagerFacade.swift in Sources */,
				9303B90A23B066BC0050A4B5 /* CoreDataManager.swift in Sources */,
				93C80EC823B1CB8100B05045 /* PokemonView.swift in Sources */,
				93C80EC223B10A4100B05045 /* LoaderTableViewCell.swift in Sources */,
				9379614823C3622C0001D14B /* ImageClient.swift in Sources */,
				93D3252123AF0F5C006C0BC5 /* StanislavKobiletski.xcdatamodeld in Sources */,
				93D3255E23AF1330006C0BC5 /* JSONPokemonAbility.swift in Sources */,
				9303B91323B06FF50050A4B5 /* CDListItem+CoreDataClass.swift in Sources */,
				93C80EB923B09E0500B05045 /* CellIdentifier.swift in Sources */,
				93D3258823AF5B9C006C0BC5 /* Pokemon.swift in Sources */,
				93D3257D23AF3D2A006C0BC5 /* URLSessionExtention.swift in Sources */,
				9303B8DB23AF6BE00050A4B5 /* CDMove+CoreDataClass.swift in Sources */,
				9303B8DD23AF6BE00050A4B5 /* CDStat+CoreDataClass.swift in Sources */,
				9303B8E823AF7A7D0050A4B5 /* PokemonMove.swift in Sources */,
				9303B8DA23AF6BE00050A4B5 /* CDPokemon+CoreDataProperties.swift in Sources */,
				9303B8E223AF6BE00050A4B5 /* CDAbility+CoreDataProperties.swift in Sources */,
				93D3251B23AF0F5C006C0BC5 /* PokemonListViewController.swift in Sources */,
				93C80EC623B1C82A00B05045 /* PokemonViewModel.swift in Sources */,
				9303B8DF23AF6BE00050A4B5 /* CDType+CoreDataClass.swift in Sources */,
				93D3255A23AF1303006C0BC5 /* JSONPokemonSprites.swift in Sources */,
				9303B8EC23AF7AED0050A4B5 /* PokemonStat.swift in Sources */,
				93D3251723AF0F5C006C0BC5 /* AppDelegate.swift in Sources */,
				93D3255C23AF1318006C0BC5 /* JSONPokemonMove.swift in Sources */,
				93D3255823AF12EC006C0BC5 /* JSONPokemonStat.swift in Sources */,
				9303B90C23B06EB10050A4B5 /* PokemonListItem.swift in Sources */,
				93D3258523AF5028006C0BC5 /* CoreDataStack.swift in Sources */,
				93D3256023AF1344006C0BC5 /* JSONPokemon.swift in Sources */,
				93C80ECA23B1D4B500B05045 /* StringExtension.swift in Sources */,
				9303B8DC23AF6BE00050A4B5 /* CDMove+CoreDataProperties.swift in Sources */,
				93D3255223AF129E006C0BC5 /* NamedAPIResource.swift in Sources */,
				9303B8EE23AF7B020050A4B5 /* PokemonType.swift in Sources */,
				9303B8EA23AF7A970050A4B5 /* PokemonSprite.swift in Sources */,
				9303B8E623AF7A560050A4B5 /* PokemonAbility.swift in Sources */,
				9303B91423B06FF50050A4B5 /* CDListItem+CoreDataProperties.swift in Sources */,
				93D3251923AF0F5C006C0BC5 /* SceneDelegate.swift in Sources */,
				9303B8E123AF6BE00050A4B5 /* CDAbility+CoreDataClass.swift in Sources */,
				93C80EBE23B0AD7B00B05045 /* PokemonViewController.swift in Sources */,
				9303B8D923AF6BE00050A4B5 /* CDPokemon+CoreDataClass.swift in Sources */,
				93D3255623AF12D4006C0BC5 /* JSONPokemonType.swift in Sources */,
				9303B8E423AF6BE00050A4B5 /* CDSprite+CoreDataProperties.swift in Sources */,
			);
			runOnlyForDeploymentPostprocessing = 0;
		};
		93D3252823AF0F60006C0BC5 /* Sources */ = {
			isa = PBXSourcesBuildPhase;
			buildActionMask = 2147483647;
			files = (
				93D2ECD523BD958E0077E0D4 /* MockURLSession.swift in Sources */,
				9303B8F923AFA8EB0050A4B5 /* DataTaskDataMock.swift in Sources */,
				93C80EC023B0B60100B05045 /* CoreDataManagerTests.swift in Sources */,
				93D2ECD723BD95ED0077E0D4 /* MockURLSessionDataTask.swift in Sources */,
				9303B90723AFB4D80050A4B5 /* ModelsTests.swift in Sources */,
				9379614A23C362470001D14B /* ImageClientTests.swift in Sources */,
				93C80ED223B30B7D00B05045 /* DataManagerFacadeTests.swift in Sources */,
				9303B8F723AFA8970050A4B5 /* URLSessionMock.swift in Sources */,
				9303B8F523AFA8700050A4B5 /* DataTaskMock.swift in Sources */,
				9303B8F023AFA6680050A4B5 /* CoreDataModelsTests.swift in Sources */,
				93D2ECDF23BDCE550077E0D4 /* Data+JSONFile.swift in Sources */,
				9303B8F323AFA7D00050A4B5 /* MockData.swift in Sources */,
				93D2ECD323BD91DF0077E0D4 /* NetworkingClientTests.swift in Sources */,
				93D3253123AF0F60006C0BC5 /* NetworkManagerTests.swift in Sources */,
				9303B8FB23AFA90A0050A4B5 /* URLSessionDataMock.swift in Sources */,
			);
			runOnlyForDeploymentPostprocessing = 0;
		};
/* End PBXSourcesBuildPhase section */

/* Begin PBXTargetDependency section */
		93D3252E23AF0F60006C0BC5 /* PBXTargetDependency */ = {
			isa = PBXTargetDependency;
			target = 93D3251223AF0F5C006C0BC5 /* StanislavKobiletski */;
			targetProxy = 93D3252D23AF0F60006C0BC5 /* PBXContainerItemProxy */;
		};
/* End PBXTargetDependency section */

/* Begin PBXVariantGroup section */
		93D3251C23AF0F5C006C0BC5 /* Main.storyboard */ = {
			isa = PBXVariantGroup;
			children = (
				93D3251D23AF0F5C006C0BC5 /* Base */,
			);
			name = Main.storyboard;
			sourceTree = "<group>";
		};
		93D3252423AF0F5F006C0BC5 /* LaunchScreen.storyboard */ = {
			isa = PBXVariantGroup;
			children = (
				93D3252523AF0F5F006C0BC5 /* Base */,
			);
			name = LaunchScreen.storyboard;
			sourceTree = "<group>";
		};
/* End PBXVariantGroup section */

/* Begin XCBuildConfiguration section */
		93D3253E23AF0F60006C0BC5 /* Debug */ = {
			isa = XCBuildConfiguration;
			buildSettings = {
				ALWAYS_SEARCH_USER_PATHS = NO;
				CLANG_ANALYZER_NONNULL = YES;
				CLANG_ANALYZER_NUMBER_OBJECT_CONVERSION = YES_AGGRESSIVE;
				CLANG_CXX_LANGUAGE_STANDARD = "gnu++14";
				CLANG_CXX_LIBRARY = "libc++";
				CLANG_ENABLE_MODULES = YES;
				CLANG_ENABLE_OBJC_ARC = YES;
				CLANG_ENABLE_OBJC_WEAK = YES;
				CLANG_WARN_BLOCK_CAPTURE_AUTORELEASING = YES;
				CLANG_WARN_BOOL_CONVERSION = YES;
				CLANG_WARN_COMMA = YES;
				CLANG_WARN_CONSTANT_CONVERSION = YES;
				CLANG_WARN_DEPRECATED_OBJC_IMPLEMENTATIONS = YES;
				CLANG_WARN_DIRECT_OBJC_ISA_USAGE = YES_ERROR;
				CLANG_WARN_DOCUMENTATION_COMMENTS = YES;
				CLANG_WARN_EMPTY_BODY = YES;
				CLANG_WARN_ENUM_CONVERSION = YES;
				CLANG_WARN_INFINITE_RECURSION = YES;
				CLANG_WARN_INT_CONVERSION = YES;
				CLANG_WARN_NON_LITERAL_NULL_CONVERSION = YES;
				CLANG_WARN_OBJC_IMPLICIT_RETAIN_SELF = YES;
				CLANG_WARN_OBJC_LITERAL_CONVERSION = YES;
				CLANG_WARN_OBJC_ROOT_CLASS = YES_ERROR;
				CLANG_WARN_RANGE_LOOP_ANALYSIS = YES;
				CLANG_WARN_STRICT_PROTOTYPES = YES;
				CLANG_WARN_SUSPICIOUS_MOVE = YES;
				CLANG_WARN_UNGUARDED_AVAILABILITY = YES_AGGRESSIVE;
				CLANG_WARN_UNREACHABLE_CODE = YES;
				CLANG_WARN__DUPLICATE_METHOD_MATCH = YES;
				COPY_PHASE_STRIP = NO;
				DEBUG_INFORMATION_FORMAT = dwarf;
				ENABLE_STRICT_OBJC_MSGSEND = YES;
				ENABLE_TESTABILITY = YES;
				GCC_C_LANGUAGE_STANDARD = gnu11;
				GCC_DYNAMIC_NO_PIC = NO;
				GCC_NO_COMMON_BLOCKS = YES;
				GCC_OPTIMIZATION_LEVEL = 0;
				GCC_PREPROCESSOR_DEFINITIONS = (
					"DEBUG=1",
					"$(inherited)",
				);
				GCC_WARN_64_TO_32_BIT_CONVERSION = YES;
				GCC_WARN_ABOUT_RETURN_TYPE = YES_ERROR;
				GCC_WARN_UNDECLARED_SELECTOR = YES;
				GCC_WARN_UNINITIALIZED_AUTOS = YES_AGGRESSIVE;
				GCC_WARN_UNUSED_FUNCTION = YES;
				GCC_WARN_UNUSED_VARIABLE = YES;
				IPHONEOS_DEPLOYMENT_TARGET = 13.2;
				MTL_ENABLE_DEBUG_INFO = INCLUDE_SOURCE;
				MTL_FAST_MATH = YES;
				ONLY_ACTIVE_ARCH = YES;
				SDKROOT = iphoneos;
				SWIFT_ACTIVE_COMPILATION_CONDITIONS = DEBUG;
				SWIFT_OPTIMIZATION_LEVEL = "-Onone";
			};
			name = Debug;
		};
		93D3253F23AF0F60006C0BC5 /* Release */ = {
			isa = XCBuildConfiguration;
			buildSettings = {
				ALWAYS_SEARCH_USER_PATHS = NO;
				CLANG_ANALYZER_NONNULL = YES;
				CLANG_ANALYZER_NUMBER_OBJECT_CONVERSION = YES_AGGRESSIVE;
				CLANG_CXX_LANGUAGE_STANDARD = "gnu++14";
				CLANG_CXX_LIBRARY = "libc++";
				CLANG_ENABLE_MODULES = YES;
				CLANG_ENABLE_OBJC_ARC = YES;
				CLANG_ENABLE_OBJC_WEAK = YES;
				CLANG_WARN_BLOCK_CAPTURE_AUTORELEASING = YES;
				CLANG_WARN_BOOL_CONVERSION = YES;
				CLANG_WARN_COMMA = YES;
				CLANG_WARN_CONSTANT_CONVERSION = YES;
				CLANG_WARN_DEPRECATED_OBJC_IMPLEMENTATIONS = YES;
				CLANG_WARN_DIRECT_OBJC_ISA_USAGE = YES_ERROR;
				CLANG_WARN_DOCUMENTATION_COMMENTS = YES;
				CLANG_WARN_EMPTY_BODY = YES;
				CLANG_WARN_ENUM_CONVERSION = YES;
				CLANG_WARN_INFINITE_RECURSION = YES;
				CLANG_WARN_INT_CONVERSION = YES;
				CLANG_WARN_NON_LITERAL_NULL_CONVERSION = YES;
				CLANG_WARN_OBJC_IMPLICIT_RETAIN_SELF = YES;
				CLANG_WARN_OBJC_LITERAL_CONVERSION = YES;
				CLANG_WARN_OBJC_ROOT_CLASS = YES_ERROR;
				CLANG_WARN_RANGE_LOOP_ANALYSIS = YES;
				CLANG_WARN_STRICT_PROTOTYPES = YES;
				CLANG_WARN_SUSPICIOUS_MOVE = YES;
				CLANG_WARN_UNGUARDED_AVAILABILITY = YES_AGGRESSIVE;
				CLANG_WARN_UNREACHABLE_CODE = YES;
				CLANG_WARN__DUPLICATE_METHOD_MATCH = YES;
				COPY_PHASE_STRIP = NO;
				DEBUG_INFORMATION_FORMAT = "dwarf-with-dsym";
				ENABLE_NS_ASSERTIONS = NO;
				ENABLE_STRICT_OBJC_MSGSEND = YES;
				GCC_C_LANGUAGE_STANDARD = gnu11;
				GCC_NO_COMMON_BLOCKS = YES;
				GCC_WARN_64_TO_32_BIT_CONVERSION = YES;
				GCC_WARN_ABOUT_RETURN_TYPE = YES_ERROR;
				GCC_WARN_UNDECLARED_SELECTOR = YES;
				GCC_WARN_UNINITIALIZED_AUTOS = YES_AGGRESSIVE;
				GCC_WARN_UNUSED_FUNCTION = YES;
				GCC_WARN_UNUSED_VARIABLE = YES;
				IPHONEOS_DEPLOYMENT_TARGET = 13.2;
				MTL_ENABLE_DEBUG_INFO = NO;
				MTL_FAST_MATH = YES;
				SDKROOT = iphoneos;
				SWIFT_COMPILATION_MODE = wholemodule;
				SWIFT_OPTIMIZATION_LEVEL = "-O";
				VALIDATE_PRODUCT = YES;
			};
			name = Release;
		};
		93D3254123AF0F60006C0BC5 /* Debug */ = {
			isa = XCBuildConfiguration;
			buildSettings = {
				ASSETCATALOG_COMPILER_APPICON_NAME = AppIcon;
				CODE_SIGN_STYLE = Automatic;
				DEVELOPMENT_TEAM = 6ATA5M6NBE;
				INFOPLIST_FILE = StanislavKobiletski/Resources/Info.plist;
				LD_RUNPATH_SEARCH_PATHS = (
					"$(inherited)",
					"@executable_path/Frameworks",
				);
				PRODUCT_BUNDLE_IDENTIFIER = com.kobiletski.StanislavKobiletski;
				PRODUCT_NAME = PokemonWise;
				SWIFT_VERSION = 5.0;
				TARGETED_DEVICE_FAMILY = "1,2";
			};
			name = Debug;
		};
		93D3254223AF0F60006C0BC5 /* Release */ = {
			isa = XCBuildConfiguration;
			buildSettings = {
				ASSETCATALOG_COMPILER_APPICON_NAME = AppIcon;
				CODE_SIGN_STYLE = Automatic;
				DEVELOPMENT_TEAM = 6ATA5M6NBE;
				INFOPLIST_FILE = StanislavKobiletski/Resources/Info.plist;
				LD_RUNPATH_SEARCH_PATHS = (
					"$(inherited)",
					"@executable_path/Frameworks",
				);
				PRODUCT_BUNDLE_IDENTIFIER = com.kobiletski.StanislavKobiletski;
				PRODUCT_NAME = PokemonWise;
				SWIFT_VERSION = 5.0;
				TARGETED_DEVICE_FAMILY = "1,2";
			};
			name = Release;
		};
		93D3254423AF0F60006C0BC5 /* Debug */ = {
			isa = XCBuildConfiguration;
			buildSettings = {
				ALWAYS_EMBED_SWIFT_STANDARD_LIBRARIES = YES;
				BUNDLE_LOADER = "$(TEST_HOST)";
				CODE_SIGN_STYLE = Automatic;
				DEVELOPMENT_TEAM = 6ATA5M6NBE;
				INFOPLIST_FILE = StanislavKobiletskiTests/Resources/Info.plist;
				IPHONEOS_DEPLOYMENT_TARGET = 13.2;
				LD_RUNPATH_SEARCH_PATHS = (
					"$(inherited)",
					"@executable_path/Frameworks",
					"@loader_path/Frameworks",
				);
				PRODUCT_BUNDLE_IDENTIFIER = com.kobiletski.StanislavKobiletskiTests;
				PRODUCT_NAME = "$(TARGET_NAME)";
				SWIFT_VERSION = 5.0;
				TARGETED_DEVICE_FAMILY = "1,2";
				TEST_HOST = "$(BUILT_PRODUCTS_DIR)/PokemonWise.app/PokemonWise";
			};
			name = Debug;
		};
		93D3254523AF0F60006C0BC5 /* Release */ = {
			isa = XCBuildConfiguration;
			buildSettings = {
				ALWAYS_EMBED_SWIFT_STANDARD_LIBRARIES = YES;
				BUNDLE_LOADER = "$(TEST_HOST)";
				CODE_SIGN_STYLE = Automatic;
				DEVELOPMENT_TEAM = 6ATA5M6NBE;
				INFOPLIST_FILE = StanislavKobiletskiTests/Resources/Info.plist;
				IPHONEOS_DEPLOYMENT_TARGET = 13.2;
				LD_RUNPATH_SEARCH_PATHS = (
					"$(inherited)",
					"@executable_path/Frameworks",
					"@loader_path/Frameworks",
				);
				PRODUCT_BUNDLE_IDENTIFIER = com.kobiletski.StanislavKobiletskiTests;
				PRODUCT_NAME = "$(TARGET_NAME)";
				SWIFT_VERSION = 5.0;
				TARGETED_DEVICE_FAMILY = "1,2";
				TEST_HOST = "$(BUILT_PRODUCTS_DIR)/PokemonWise.app/PokemonWise";
			};
			name = Release;
		};
/* End XCBuildConfiguration section */

/* Begin XCConfigurationList section */
		93D3250E23AF0F5C006C0BC5 /* Build configuration list for PBXProject "StanislavKobiletski" */ = {
			isa = XCConfigurationList;
			buildConfigurations = (
				93D3253E23AF0F60006C0BC5 /* Debug */,
				93D3253F23AF0F60006C0BC5 /* Release */,
			);
			defaultConfigurationIsVisible = 0;
			defaultConfigurationName = Release;
		};
		93D3254023AF0F60006C0BC5 /* Build configuration list for PBXNativeTarget "StanislavKobiletski" */ = {
			isa = XCConfigurationList;
			buildConfigurations = (
				93D3254123AF0F60006C0BC5 /* Debug */,
				93D3254223AF0F60006C0BC5 /* Release */,
			);
			defaultConfigurationIsVisible = 0;
			defaultConfigurationName = Release;
		};
		93D3254323AF0F60006C0BC5 /* Build configuration list for PBXNativeTarget "StanislavKobiletskiTests" */ = {
			isa = XCConfigurationList;
			buildConfigurations = (
				93D3254423AF0F60006C0BC5 /* Debug */,
				93D3254523AF0F60006C0BC5 /* Release */,
			);
			defaultConfigurationIsVisible = 0;
			defaultConfigurationName = Release;
		};
/* End XCConfigurationList section */

/* Begin XCVersionGroup section */
		93D3251F23AF0F5C006C0BC5 /* StanislavKobiletski.xcdatamodeld */ = {
			isa = XCVersionGroup;
			children = (
				93D3252023AF0F5C006C0BC5 /* StanislavKobiletski.xcdatamodel */,
			);
			currentVersion = 93D3252023AF0F5C006C0BC5 /* StanislavKobiletski.xcdatamodel */;
			path = StanislavKobiletski.xcdatamodeld;
			sourceTree = "<group>";
			versionGroupType = wrapper.xcdatamodel;
		};
/* End XCVersionGroup section */
	};
	rootObject = 93D3250B23AF0F5C006C0BC5 /* Project object */;
}
